
Microsoft Visual Studio Solution File, Format Version 12.00
# Visual Studio Version 17
VisualStudioVersion = 17.10.35013.160
MinimumVisualStudioVersion = 10.0.40219.1
Project("{9A19103F-16F7-4668-BE54-9A1E7A4F7556}") = "AuctionSniper.App", "AuctionSniper.App\AuctionSniper.App.csproj", "{71DBB697-7844-4313-AB05-42AE9C8F7E2F}"
EndProject
Project("{9A19103F-16F7-4668-BE54-9A1E7A4F7556}") = "UITests.Shared", "UITests.Shared\UITests.Shared.csproj", "{8C848CEB-8051-418D-A0C7-ED5FC06EAB5A}"
EndProject
Project("{9A19103F-16F7-4668-BE54-9A1E7A4F7556}") = "UITests.Windows", "UITests.Windows\UITests.Windows.csproj", "{8E839E1A-CF42-4563-9C65-196DBB17F908}"
EndProject
Project("{9A19103F-16F7-4668-BE54-9A1E7A4F7556}") = "UITests.Android", "UITests.Android\UITests.Android.csproj", "{BE7D1EF8-B5F4-4E07-89FC-EC45AE8AAE6F}"
EndProject
Global
	GlobalSection(SolutionConfigurationPlatforms) = preSolution
		Debug|Any CPU = Debug|Any CPU
		Release|Any CPU = Release|Any CPU
	EndGlobalSection
	GlobalSection(ProjectConfigurationPlatforms) = postSolution
		{71DBB697-7844-4313-AB05-42AE9C8F7E2F}.Debug|Any CPU.ActiveCfg = Debug|Any CPU
		{71DBB697-7844-4313-AB05-42AE9C8F7E2F}.Debug|Any CPU.Build.0 = Debug|Any CPU
		{71DBB697-7844-4313-AB05-42AE9C8F7E2F}.Debug|Any CPU.Deploy.0 = Debug|Any CPU
		{71DBB697-7844-4313-AB05-42AE9C8F7E2F}.Release|Any CPU.ActiveCfg = Release|Any CPU
		{71DBB697-7844-4313-AB05-42AE9C8F7E2F}.Release|Any CPU.Build.0 = Release|Any CPU
		{71DBB697-7844-4313-AB05-42AE9C8F7E2F}.Release|Any CPU.Deploy.0 = Release|Any CPU
		{8C848CEB-8051-418D-A0C7-ED5FC06EAB5A}.Debug|Any CPU.ActiveCfg = Debug|Any CPU
		{8C848CEB-8051-418D-A0C7-ED5FC06EAB5A}.Debug|Any CPU.Build.0 = Debug|Any CPU
		{8C848CEB-8051-418D-A0C7-ED5FC06EAB5A}.Release|Any CPU.ActiveCfg = Release|Any CPU
		{8C848CEB-8051-418D-A0C7-ED5FC06EAB5A}.Release|Any CPU.Build.0 = Release|Any CPU
		{8E839E1A-CF42-4563-9C65-196DBB17F908}.Debug|Any CPU.ActiveCfg = Debug|Any CPU
		{8E839E1A-CF42-4563-9C65-196DBB17F908}.Debug|Any CPU.Build.0 = Debug|Any CPU
		{8E839E1A-CF42-4563-9C65-196DBB17F908}.Release|Any CPU.ActiveCfg = Release|Any CPU
		{8E839E1A-CF42-4563-9C65-196DBB17F908}.Release|Any CPU.Build.0 = Release|Any CPU
		{BE7D1EF8-B5F4-4E07-89FC-EC45AE8AAE6F}.Debug|Any CPU.ActiveCfg = Debug|Any CPU
		{BE7D1EF8-B5F4-4E07-89FC-EC45AE8AAE6F}.Debug|Any CPU.Build.0 = Debug|Any CPU
		{BE7D1EF8-B5F4-4E07-89FC-EC45AE8AAE6F}.Release|Any CPU.ActiveCfg = Release|Any CPU
		{BE7D1EF8-B5F4-4E07-89FC-EC45AE8AAE6F}.Release|Any CPU.Build.0 = Release|Any CPU
	EndGlobalSection
	GlobalSection(SolutionProperties) = preSolution
		HideSolutionNode = FALSE
	EndGlobalSection
	GlobalSection(ExtensibilityGlobals) = postSolution
		SolutionGuid = {F55D797F-1472-4924-8C85-C5669AC903EC}
	EndGlobalSection
EndGlobal
